
Microsoft Visual Studio Solution File, Format Version 12.00
# Visual Studio Version 16
VisualStudioVersion = 16.0.29409.12
MinimumVisualStudioVersion = 10.0.40219.1
Project("{FAE04EC0-301F-11D3-BF4B-00C04F79EFBC}") = "PIM", "PIM.csproj", "{B6D8613A-4F21-4A27-8996-1C95AA638311}"
EndProject
Project("{2150E333-8FDC-42A3-9474-1A3956D46DE8}") = "Design.Pack", "Design.Pack", "{229DAEE3-6DF5-435C-80F4-335D7EA1DC10}"
	ProjectSection(SolutionItems) = preProject
		..\..\..\OneDrive\Projeto Controle de Frota de Veiculos Pim 4\Gest_Frota\Gest_Frota\Gest_Frota\Icones do sistema\1125716.png = ..\..\..\OneDrive\Projeto Controle de Frota de Veiculos Pim 4\Gest_Frota\Gest_Frota\Gest_Frota\Icones do sistema\1125716.png
		..\..\..\OneDrive\Projeto Controle de Frota de Veiculos Pim 4\Gest_Frota\Gest_Frota\Gest_Frota\Icones do sistema\1160515.png = ..\..\..\OneDrive\Projeto Controle de Frota de Veiculos Pim 4\Gest_Frota\Gest_Frota\Gest_Frota\Icones do sistema\1160515.png
		..\..\..\OneDrive\Projeto Controle de Frota de Veiculos Pim 4\Gest_Frota\Gest_Frota\Gest_Frota\Icones do sistema\1212459.png = ..\..\..\OneDrive\Projeto Controle de Frota de Veiculos Pim 4\Gest_Frota\Gest_Frota\Gest_Frota\Icones do sistema\1212459.png
		..\..\..\OneDrive\Projeto Controle de Frota de Veiculos Pim 4\Gest_Frota\Gest_Frota\Gest_Frota\Icones do sistema\1212462.png = ..\..\..\OneDrive\Projeto Controle de Frota de Veiculos Pim 4\Gest_Frota\Gest_Frota\Gest_Frota\Icones do sistema\1212462.png
		..\..\..\OneDrive\Projeto Controle de Frota de Veiculos Pim 4\Gest_Frota\Gest_Frota\Gest_Frota\Icones do sistema\1212469.png = ..\..\..\OneDrive\Projeto Controle de Frota de Veiculos Pim 4\Gest_Frota\Gest_Frota\Gest_Frota\Icones do sistema\1212469.png
		..\..\..\OneDrive\Projeto Controle de Frota de Veiculos Pim 4\Gest_Frota\Gest_Frota\Gest_Frota\Icones do sistema\1212478.png = ..\..\..\OneDrive\Projeto Controle de Frota de Veiculos Pim 4\Gest_Frota\Gest_Frota\Gest_Frota\Icones do sistema\1212478.png
		..\..\..\OneDrive\Projeto Controle de Frota de Veiculos Pim 4\Gest_Frota\Gest_Frota\Gest_Frota\Icones do sistema\1212485.png = ..\..\..\OneDrive\Projeto Controle de Frota de Veiculos Pim 4\Gest_Frota\Gest_Frota\Gest_Frota\Icones do sistema\1212485.png
		..\..\..\OneDrive\Projeto Controle de Frota de Veiculos Pim 4\Gest_Frota\Gest_Frota\Gest_Frota\Icones do sistema\12124856.png = ..\..\..\OneDrive\Projeto Controle de Frota de Veiculos Pim 4\Gest_Frota\Gest_Frota\Gest_Frota\Icones do sistema\12124856.png
		..\..\..\OneDrive\Projeto Controle de Frota de Veiculos Pim 4\Gest_Frota\Gest_Frota\Gest_Frota\Icones do sistema\1212491.png = ..\..\..\OneDrive\Projeto Controle de Frota de Veiculos Pim 4\Gest_Frota\Gest_Frota\Gest_Frota\Icones do sistema\1212491.png
		..\..\..\OneDrive\Projeto Controle de Frota de Veiculos Pim 4\Gest_Frota\Gest_Frota\Gest_Frota\Icones do sistema\1212492.png = ..\..\..\OneDrive\Projeto Controle de Frota de Veiculos Pim 4\Gest_Frota\Gest_Frota\Gest_Frota\Icones do sistema\1212492.png
		..\..\..\OneDrive\Projeto Controle de Frota de Veiculos Pim 4\Gest_Frota\Gest_Frota\Gest_Frota\Icones do sistema\1212527.png = ..\..\..\OneDrive\Projeto Controle de Frota de Veiculos Pim 4\Gest_Frota\Gest_Frota\Gest_Frota\Icones do sistema\1212527.png
		..\..\..\OneDrive\Projeto Controle de Frota de Veiculos Pim 4\Gest_Frota\Gest_Frota\Gest_Frota\Icones do sistema\1212540.png = ..\..\..\OneDrive\Projeto Controle de Frota de Veiculos Pim 4\Gest_Frota\Gest_Frota\Gest_Frota\Icones do sistema\1212540.png
		..\..\..\OneDrive\Projeto Controle de Frota de Veiculos Pim 4\Gest_Frota\Gest_Frota\Gest_Frota\Icones do sistema\1212545.png = ..\..\..\OneDrive\Projeto Controle de Frota de Veiculos Pim 4\Gest_Frota\Gest_Frota\Gest_Frota\Icones do sistema\1212545.png
		..\..\..\OneDrive\Projeto Controle de Frota de Veiculos Pim 4\Gest_Frota\Gest_Frota\Gest_Frota\Icones do sistema\1212551.png = ..\..\..\OneDrive\Projeto Controle de Frota de Veiculos Pim 4\Gest_Frota\Gest_Frota\Gest_Frota\Icones do sistema\1212551.png
		..\..\..\OneDrive\Projeto Controle de Frota de Veiculos Pim 4\Gest_Frota\Gest_Frota\Gest_Frota\Icones do sistema\1212554.png = ..\..\..\OneDrive\Projeto Controle de Frota de Veiculos Pim 4\Gest_Frota\Gest_Frota\Gest_Frota\Icones do sistema\1212554.png
		..\..\..\OneDrive\Projeto Controle de Frota de Veiculos Pim 4\Gest_Frota\Gest_Frota\Gest_Frota\Icones do sistema\1212562.png = ..\..\..\OneDrive\Projeto Controle de Frota de Veiculos Pim 4\Gest_Frota\Gest_Frota\Gest_Frota\Icones do sistema\1212562.png
		..\..\..\OneDrive\Projeto Controle de Frota de Veiculos Pim 4\Gest_Frota\Gest_Frota\Gest_Frota\Icones do sistema\1212566.png = ..\..\..\OneDrive\Projeto Controle de Frota de Veiculos Pim 4\Gest_Frota\Gest_Frota\Gest_Frota\Icones do sistema\1212566.png
		..\..\..\OneDrive\Projeto Controle de Frota de Veiculos Pim 4\Gest_Frota\Gest_Frota\Gest_Frota\Icones do sistema\1212574.png = ..\..\..\OneDrive\Projeto Controle de Frota de Veiculos Pim 4\Gest_Frota\Gest_Frota\Gest_Frota\Icones do sistema\1212574.png
		..\..\..\OneDrive\Projeto Controle de Frota de Veiculos Pim 4\Gest_Frota\Gest_Frota\Gest_Frota\Icones do sistema\1212577.png = ..\..\..\OneDrive\Projeto Controle de Frota de Veiculos Pim 4\Gest_Frota\Gest_Frota\Gest_Frota\Icones do sistema\1212577.png
		..\..\..\OneDrive\Projeto Controle de Frota de Veiculos Pim 4\Gest_Frota\Gest_Frota\Gest_Frota\Icones do sistema\1214926.png = ..\..\..\OneDrive\Projeto Controle de Frota de Veiculos Pim 4\Gest_Frota\Gest_Frota\Gest_Frota\Icones do sistema\1214926.png
		..\..\..\OneDrive\Projeto Controle de Frota de Veiculos Pim 4\Gest_Frota\Gest_Frota\Gest_Frota\Icones do sistema\1395749.png = ..\..\..\OneDrive\Projeto Controle de Frota de Veiculos Pim 4\Gest_Frota\Gest_Frota\Gest_Frota\Icones do sistema\1395749.png
		..\..\..\OneDrive\Projeto Controle de Frota de Veiculos Pim 4\Gest_Frota\Gest_Frota\Gest_Frota\Icones do sistema\1449312.png = ..\..\..\OneDrive\Projeto Controle de Frota de Veiculos Pim 4\Gest_Frota\Gest_Frota\Gest_Frota\Icones do sistema\1449312.png
		..\..\..\OneDrive\Projeto Controle de Frota de Veiculos Pim 4\Gest_Frota\Gest_Frota\Gest_Frota\Icones do sistema\1453934.png = ..\..\..\OneDrive\Projeto Controle de Frota de Veiculos Pim 4\Gest_Frota\Gest_Frota\Gest_Frota\Icones do sistema\1453934.png
		..\..\..\OneDrive\Projeto Controle de Frota de Veiculos Pim 4\Gest_Frota\Gest_Frota\Gest_Frota\Icones do sistema\1611922.png = ..\..\..\OneDrive\Projeto Controle de Frota de Veiculos Pim 4\Gest_Frota\Gest_Frota\Gest_Frota\Icones do sistema\1611922.png
		..\..\..\OneDrive\Projeto Controle de Frota de Veiculos Pim 4\Gest_Frota\Gest_Frota\Gest_Frota\Icones do sistema\1613057.png = ..\..\..\OneDrive\Projeto Controle de Frota de Veiculos Pim 4\Gest_Frota\Gest_Frota\Gest_Frota\Icones do sistema\1613057.png
		..\..\..\OneDrive\Projeto Controle de Frota de Veiculos Pim 4\Gest_Frota\Gest_Frota\Gest_Frota\Icones do sistema\1613504.png = ..\..\..\OneDrive\Projeto Controle de Frota de Veiculos Pim 4\Gest_Frota\Gest_Frota\Gest_Frota\Icones do sistema\1613504.png
		..\..\..\OneDrive\Projeto Controle de Frota de Veiculos Pim 4\Gest_Frota\Gest_Frota\Gest_Frota\Icones do sistema\1904821.png = ..\..\..\OneDrive\Projeto Controle de Frota de Veiculos Pim 4\Gest_Frota\Gest_Frota\Gest_Frota\Icones do sistema\1904821.png
		..\..\..\OneDrive\Projeto Controle de Frota de Veiculos Pim 4\Gest_Frota\Gest_Frota\Gest_Frota\Icones do sistema\1904867.png = ..\..\..\OneDrive\Projeto Controle de Frota de Veiculos Pim 4\Gest_Frota\Gest_Frota\Gest_Frota\Icones do sistema\1904867.png
		..\..\..\OneDrive\Projeto Controle de Frota de Veiculos Pim 4\Gest_Frota\Gest_Frota\Gest_Frota\Icones do sistema\1904908.png = ..\..\..\OneDrive\Projeto Controle de Frota de Veiculos Pim 4\Gest_Frota\Gest_Frota\Gest_Frota\Icones do sistema\1904908.png
		..\..\..\OneDrive\Projeto Controle de Frota de Veiculos Pim 4\Gest_Frota\Gest_Frota\Gest_Frota\Icones do sistema\832793.png = ..\..\..\OneDrive\Projeto Controle de Frota de Veiculos Pim 4\Gest_Frota\Gest_Frota\Gest_Frota\Icones do sistema\832793.png
		..\..\..\OneDrive\Projeto Controle de Frota de Veiculos Pim 4\Gest_Frota\Gest_Frota\Gest_Frota\Icones do sistema\832811.png = ..\..\..\OneDrive\Projeto Controle de Frota de Veiculos Pim 4\Gest_Frota\Gest_Frota\Gest_Frota\Icones do sistema\832811.png
		..\..\..\OneDrive\Projeto Controle de Frota de Veiculos Pim 4\Gest_Frota\Gest_Frota\Gest_Frota\Icones do sistema\832826.png = ..\..\..\OneDrive\Projeto Controle de Frota de Veiculos Pim 4\Gest_Frota\Gest_Frota\Gest_Frota\Icones do sistema\832826.png
		..\..\..\OneDrive\Projeto Controle de Frota de Veiculos Pim 4\Gest_Frota\Gest_Frota\Gest_Frota\Icones do sistema\832827.png = ..\..\..\OneDrive\Projeto Controle de Frota de Veiculos Pim 4\Gest_Frota\Gest_Frota\Gest_Frota\Icones do sistema\832827.png
		..\..\..\OneDrive\Projeto Controle de Frota de Veiculos Pim 4\Gest_Frota\Gest_Frota\Gest_Frota\Icones do sistema\832828.png = ..\..\..\OneDrive\Projeto Controle de Frota de Veiculos Pim 4\Gest_Frota\Gest_Frota\Gest_Frota\Icones do sistema\832828.png
		..\..\..\OneDrive\Projeto Controle de Frota de Veiculos Pim 4\Gest_Frota\Gest_Frota\Gest_Frota\Icones do sistema\832833.png = ..\..\..\OneDrive\Projeto Controle de Frota de Veiculos Pim 4\Gest_Frota\Gest_Frota\Gest_Frota\Icones do sistema\832833.png
		..\..\..\OneDrive\Projeto Controle de Frota de Veiculos Pim 4\Gest_Frota\Gest_Frota\Gest_Frota\Icones do sistema\832845.png = ..\..\..\OneDrive\Projeto Controle de Frota de Veiculos Pim 4\Gest_Frota\Gest_Frota\Gest_Frota\Icones do sistema\832845.png
		..\..\..\OneDrive\Projeto Controle de Frota de Veiculos Pim 4\Gest_Frota\Gest_Frota\Gest_Frota\Icones do sistema\832851.png = ..\..\..\OneDrive\Projeto Controle de Frota de Veiculos Pim 4\Gest_Frota\Gest_Frota\Gest_Frota\Icones do sistema\832851.png
		..\..\..\OneDrive\Projeto Controle de Frota de Veiculos Pim 4\Gest_Frota\Gest_Frota\Gest_Frota\Icones do sistema\832863.png = ..\..\..\OneDrive\Projeto Controle de Frota de Veiculos Pim 4\Gest_Frota\Gest_Frota\Gest_Frota\Icones do sistema\832863.png
		..\..\..\OneDrive\Projeto Controle de Frota de Veiculos Pim 4\Gest_Frota\Gest_Frota\Gest_Frota\Icones do sistema\833514.png = ..\..\..\OneDrive\Projeto Controle de Frota de Veiculos Pim 4\Gest_Frota\Gest_Frota\Gest_Frota\Icones do sistema\833514.png
		..\..\..\OneDrive\Projeto Controle de Frota de Veiculos Pim 4\Gest_Frota\Gest_Frota\Gest_Frota\Icones do sistema\analytics.png = ..\..\..\OneDrive\Projeto Controle de Frota de Veiculos Pim 4\Gest_Frota\Gest_Frota\Gest_Frota\Icones do sistema\analytics.png
		..\..\..\OneDrive\Projeto Controle de Frota de Veiculos Pim 4\Gest_Frota\Gest_Frota\Gest_Frota\Icones do sistema\bill.png = ..\..\..\OneDrive\Projeto Controle de Frota de Veiculos Pim 4\Gest_Frota\Gest_Frota\Gest_Frota\Icones do sistema\bill.png
		..\..\..\OneDrive\Projeto Controle de Frota de Veiculos Pim 4\Gest_Frota\Gest_Frota\Gest_Frota\Icones do sistema\favicon.ico = ..\..\..\OneDrive\Projeto Controle de Frota de Veiculos Pim 4\Gest_Frota\Gest_Frota\Gest_Frota\Icones do sistema\favicon.ico
		..\..\..\OneDrive\Projeto Controle de Frota de Veiculos Pim 4\Gest_Frota\Gest_Frota\Gest_Frota\Icones do sistema\Frota manager logo.png = ..\..\..\OneDrive\Projeto Controle de Frota de Veiculos Pim 4\Gest_Frota\Gest_Frota\Gest_Frota\Icones do sistema\Frota manager logo.png
		..\..\..\OneDrive\Projeto Controle de Frota de Veiculos Pim 4\Gest_Frota\Gest_Frota\Gest_Frota\Icones do sistema\Frota manager logo2.png = ..\..\..\OneDrive\Projeto Controle de Frota de Veiculos Pim 4\Gest_Frota\Gest_Frota\Gest_Frota\Icones do sistema\Frota manager logo2.png
		..\..\..\OneDrive\Projeto Controle de Frota de Veiculos Pim 4\Gest_Frota\Gest_Frota\Gest_Frota\Icones do sistema\Icone logo fundo branco.ico = ..\..\..\OneDrive\Projeto Controle de Frota de Veiculos Pim 4\Gest_Frota\Gest_Frota\Gest_Frota\Icones do sistema\Icone logo fundo branco.ico
		..\..\..\OneDrive\Projeto Controle de Frota de Veiculos Pim 4\Gest_Frota\Gest_Frota\Gest_Frota\Icones do sistema\lock sombra.png = ..\..\..\OneDrive\Projeto Controle de Frota de Veiculos Pim 4\Gest_Frota\Gest_Frota\Gest_Frota\Icones do sistema\lock sombra.png
		..\..\..\OneDrive\Projeto Controle de Frota de Veiculos Pim 4\Gest_Frota\Gest_Frota\Gest_Frota\Icones do sistema\lock(1).png = ..\..\..\OneDrive\Projeto Controle de Frota de Veiculos Pim 4\Gest_Frota\Gest_Frota\Gest_Frota\Icones do sistema\lock(1).png
		..\..\..\OneDrive\Projeto Controle de Frota de Veiculos Pim 4\Gest_Frota\Gest_Frota\Gest_Frota\Icones do sistema\lock.png = ..\..\..\OneDrive\Projeto Controle de Frota de Veiculos Pim 4\Gest_Frota\Gest_Frota\Gest_Frota\Icones do sistema\lock.png
		..\..\..\OneDrive\Projeto Controle de Frota de Veiculos Pim 4\Gest_Frota\Gest_Frota\Gest_Frota\Icones do sistema\maintenance.png = ..\..\..\OneDrive\Projeto Controle de Frota de Veiculos Pim 4\Gest_Frota\Gest_Frota\Gest_Frota\Icones do sistema\maintenance.png
		..\..\..\OneDrive\Projeto Controle de Frota de Veiculos Pim 4\Gest_Frota\Gest_Frota\Gest_Frota\Icones do sistema\online.png = ..\..\..\OneDrive\Projeto Controle de Frota de Veiculos Pim 4\Gest_Frota\Gest_Frota\Gest_Frota\Icones do sistema\online.png
		..\..\..\OneDrive\Projeto Controle de Frota de Veiculos Pim 4\Gest_Frota\Gest_Frota\Gest_Frota\Icones do sistema\password.png = ..\..\..\OneDrive\Projeto Controle de Frota de Veiculos Pim 4\Gest_Frota\Gest_Frota\Gest_Frota\Icones do sistema\password.png
		..\..\..\OneDrive\Projeto Controle de Frota de Veiculos Pim 4\Gest_Frota\Gest_Frota\Gest_Frota\Icones do sistema\save-money.png = ..\..\..\OneDrive\Projeto Controle de Frota de Veiculos Pim 4\Gest_Frota\Gest_Frota\Gest_Frota\Icones do sistema\save-money.png
		..\..\..\OneDrive\Projeto Controle de Frota de Veiculos Pim 4\Gest_Frota\Gest_Frota\Gest_Frota\Icones do sistema\settings.png = ..\..\..\OneDrive\Projeto Controle de Frota de Veiculos Pim 4\Gest_Frota\Gest_Frota\Gest_Frota\Icones do sistema\settings.png
		..\..\..\OneDrive\Projeto Controle de Frota de Veiculos Pim 4\Gest_Frota\Gest_Frota\Gest_Frota\Icones do sistema\shield.png = ..\..\..\OneDrive\Projeto Controle de Frota de Veiculos Pim 4\Gest_Frota\Gest_Frota\Gest_Frota\Icones do sistema\shield.png
	EndProjectSection
EndProject
Global
	GlobalSection(SolutionConfigurationPlatforms) = preSolution
		Debug|Any CPU = Debug|Any CPU
		Release|Any CPU = Release|Any CPU
	EndGlobalSection
	GlobalSection(ProjectConfigurationPlatforms) = postSolution
		{B6D8613A-4F21-4A27-8996-1C95AA638311}.Debug|Any CPU.ActiveCfg = Debug|Any CPU
		{B6D8613A-4F21-4A27-8996-1C95AA638311}.Debug|Any CPU.Build.0 = Debug|Any CPU
		{B6D8613A-4F21-4A27-8996-1C95AA638311}.Release|Any CPU.ActiveCfg = Release|Any CPU
		{B6D8613A-4F21-4A27-8996-1C95AA638311}.Release|Any CPU.Build.0 = Release|Any CPU
	EndGlobalSection
	GlobalSection(SolutionProperties) = preSolution
		HideSolutionNode = FALSE
	EndGlobalSection
	GlobalSection(ExtensibilityGlobals) = postSolution
		SolutionGuid = {4B056457-323C-4E5F-9212-B0A1711C5DA7}
	EndGlobalSection
EndGlobal
