
Microsoft Visual Studio Solution File, Format Version 12.00
# Visual Studio Version 16
VisualStudioVersion = 16.0.29409.12
MinimumVisualStudioVersion = 10.0.40219.1
Project("{FAE04EC0-301F-11D3-BF4B-00C04F79EFBC}") = "Trabalho21-10-2019-1ponto", "Trabalho21-10-2019-1ponto.csproj", "{B6D8613A-4F21-4A27-8996-1C95AA638311}"
EndProject
Global
	GlobalSection(SolutionConfigurationPlatforms) = preSolution
		Debug|Any CPU = Debug|Any CPU
		Release|Any CPU = Release|Any CPU
	EndGlobalSection
	GlobalSection(ProjectConfigurationPlatforms) = postSolution
		{B6D8613A-4F21-4A27-8996-1C95AA638311}.Debug|Any CPU.ActiveCfg = Debug|Any CPU
		{B6D8613A-4F21-4A27-8996-1C95AA638311}.Debug|Any CPU.Build.0 = Debug|Any CPU
		{B6D8613A-4F21-4A27-8996-1C95AA638311}.Release|Any CPU.ActiveCfg = Release|Any CPU
		{B6D8613A-4F21-4A27-8996-1C95AA638311}.Release|Any CPU.Build.0 = Release|Any CPU
	EndGlobalSection
	GlobalSection(SolutionProperties) = preSolution
		HideSolutionNode = FALSE
	EndGlobalSection
	GlobalSection(ExtensibilityGlobals) = postSolution
		SolutionGuid = {4B056457-323C-4E5F-9212-B0A1711C5DA7}
	EndGlobalSection
EndGlobal
